
Microsoft Visual Studio Solution File, Format Version 12.00
# Visual Studio Version 17
VisualStudioVersion = 17.7.34018.315
MinimumVisualStudioVersion = 10.0.40219.1
Project("{FAE04EC0-301F-11D3-BF4B-00C04F79EFBC}") = "cilindro", "cilindro\cilindro.csproj", "{04FE427B-97B6-48A2-9CC5-F8F18C229654}"
EndProject
Global
	GlobalSection(SolutionConfigurationPlatforms) = preSolution
		Debug|Any CPU = Debug|Any CPU
		Release|Any CPU = Release|Any CPU
	EndGlobalSection
	GlobalSection(ProjectConfigurationPlatforms) = postSolution
		{04FE427B-97B6-48A2-9CC5-F8F18C229654}.Debug|Any CPU.ActiveCfg = Debug|Any CPU
		{04FE427B-97B6-48A2-9CC5-F8F18C229654}.Debug|Any CPU.Build.0 = Debug|Any CPU
		{04FE427B-97B6-48A2-9CC5-F8F18C229654}.Release|Any CPU.ActiveCfg = Release|Any CPU
		{04FE427B-97B6-48A2-9CC5-F8F18C229654}.Release|Any CPU.Build.0 = Release|Any CPU
	EndGlobalSection
	GlobalSection(SolutionProperties) = preSolution
		HideSolutionNode = FALSE
	EndGlobalSection
	GlobalSection(ExtensibilityGlobals) = postSolution
		SolutionGuid = {E666D3E0-08BF-4227-80A8-D0A0FE71A044}
	EndGlobalSection
EndGlobal
