
Microsoft Visual Studio Solution File, Format Version 12.00
# Visual Studio Version 17
VisualStudioVersion = 17.7.34018.315
MinimumVisualStudioVersion = 10.0.40219.1
Project("{FAE04EC0-301F-11D3-BF4B-00C04F79EFBC}") = "Torno", "Torno\Torno.csproj", "{52CA46E4-7E88-43DB-93DF-51D48A24F333}"
EndProject
Global
	GlobalSection(SolutionConfigurationPlatforms) = preSolution
		Debug|Any CPU = Debug|Any CPU
		Release|Any CPU = Release|Any CPU
	EndGlobalSection
	GlobalSection(ProjectConfigurationPlatforms) = postSolution
		{52CA46E4-7E88-43DB-93DF-51D48A24F333}.Debug|Any CPU.ActiveCfg = Debug|Any CPU
		{52CA46E4-7E88-43DB-93DF-51D48A24F333}.Debug|Any CPU.Build.0 = Debug|Any CPU
		{52CA46E4-7E88-43DB-93DF-51D48A24F333}.Release|Any CPU.ActiveCfg = Release|Any CPU
		{52CA46E4-7E88-43DB-93DF-51D48A24F333}.Release|Any CPU.Build.0 = Release|Any CPU
	EndGlobalSection
	GlobalSection(SolutionProperties) = preSolution
		HideSolutionNode = FALSE
	EndGlobalSection
	GlobalSection(ExtensibilityGlobals) = postSolution
		SolutionGuid = {9918E0C2-4324-4A67-8D2B-767EECB2586D}
	EndGlobalSection
EndGlobal
